
Microsoft Visual Studio Solution File, Format Version 12.00
# Visual Studio Version 16
VisualStudioVersion = 16.0.29318.209
MinimumVisualStudioVersion = 10.0.40219.1
Project("{9A19103F-16F7-4668-BE54-9A1E7A4F7556}") = "Blog.Domain", "Blog.Domain\Blog.Domain.csproj", "{0A1CD53C-9333-4EEA-8EB1-5F2B21F72154}"
EndProject
Project("{9A19103F-16F7-4668-BE54-9A1E7A4F7556}") = "Blog.Domain.Core", "Blog.Domain.Core\Blog.Domain.Core.csproj", "{09B7236B-188C-4ED2-AC84-AFBE5645AA58}"
EndProject
Project("{9A19103F-16F7-4668-BE54-9A1E7A4F7556}") = "Blog.Repository.Test", "Blog.Repoistory.Test\Blog.Repository.Test.csproj", "{9D3442E0-7699-40D2-96B5-661F490CA76B}"
EndProject
Project("{9A19103F-16F7-4668-BE54-9A1E7A4F7556}") = "Blog.Application", "Blog.Application\Blog.Application.csproj", "{6F9A8B9D-968D-4EB9-A755-2876E2855157}"
EndProject
Project("{2150E333-8FDC-42A3-9474-1A3956D46DE8}") = "Blog.Core", "Blog.Core", "{24E02D76-4FA8-406D-90DA-5E1A213C5A87}"
EndProject
Project("{9A19103F-16F7-4668-BE54-9A1E7A4F7556}") = "Core.Configuration", "Blog.Configuration\Core.Configuration.csproj", "{7D94A819-82E3-45C1-B708-5994F1BFAE42}"
EndProject
Project("{9A19103F-16F7-4668-BE54-9A1E7A4F7556}") = "BlogFileApi", "BlogFileApi\BlogFileApi.csproj", "{6B149677-DD3F-4F98-9D57-C5F35BC182E6}"
EndProject
Project("{9A19103F-16F7-4668-BE54-9A1E7A4F7556}") = "BlogSmsApi", "BlogSmsApi\BlogSmsApi.csproj", "{737A6E67-A958-4A7F-B06A-13CC689A37E3}"
EndProject
Project("{2150E333-8FDC-42A3-9474-1A3956D46DE8}") = "Blog.File", "Blog.File", "{0E83F7F6-9E87-423E-83D2-1AF23213F346}"
EndProject
Project("{2150E333-8FDC-42A3-9474-1A3956D46DE8}") = "Blog.Web", "Blog.Web", "{0B1981C7-E602-44EC-9CA8-87ABFF4E9F76}"
EndProject
Project("{2150E333-8FDC-42A3-9474-1A3956D46DE8}") = "Blog.Sms", "Blog.Sms", "{DE97D12A-CB09-40F4-9FE2-9E19FB5A4E66}"
EndProject
Project("{9A19103F-16F7-4668-BE54-9A1E7A4F7556}") = "Blog.Repository", "Blog.Repository\Blog.Repository.csproj", "{66D7D400-A40B-4A13-A2C6-5B448B0837DB}"
EndProject
Project("{9A19103F-16F7-4668-BE54-9A1E7A4F7556}") = "Core.Cache", "Core.Cache\Core.Cache.csproj", "{1C2DA14F-EEE5-4ED5-ACA0-0E33EAE117D3}"
EndProject
Project("{9A19103F-16F7-4668-BE54-9A1E7A4F7556}") = "Core.Common", "Core.Common\Core.Common.csproj", "{FD10A196-5515-46CB-821E-70D4AB7C8A97}"
EndProject
Project("{9A19103F-16F7-4668-BE54-9A1E7A4F7556}") = "BlogWebApi", "BlogWebApi\BlogWebApi.csproj", "{E599CD18-351F-46B3-A54B-9EDB62AF4EB1}"
EndProject
Project("{2150E333-8FDC-42A3-9474-1A3956D46DE8}") = "Blog.Gateway", "Blog.Gateway", "{A4D89289-F3D6-4A14-8804-856FFA9C84F2}"
EndProject
Project("{9A19103F-16F7-4668-BE54-9A1E7A4F7556}") = "BlogGateway", "BlogGateway\BlogGateway.csproj", "{EA5F3596-A2AB-4839-9C4F-24EE7D082887}"
EndProject
Project("{9A19103F-16F7-4668-BE54-9A1E7A4F7556}") = "Core.Swagger", "Core.Swagger\Core.Swagger.csproj", "{419A4A53-2FF8-486A-86B2-1433A15DDB73}"
EndProject
Project("{9A19103F-16F7-4668-BE54-9A1E7A4F7556}") = "Core.Domain.Core", "Core.Domain.Core\Core.Domain.Core.csproj", "{4EF7878A-E21E-491C-8FEE-27685B9F287D}"
EndProject
Project("{9A19103F-16F7-4668-BE54-9A1E7A4F7556}") = "Core.Repository", "Core.Repository\Core.Repository.csproj", "{8D39BF32-D9DD-4981-B71F-90941AB020A1}"
EndProject
Project("{2150E333-8FDC-42A3-9474-1A3956D46DE8}") = "Blog.Auth", "Blog.Auth", "{270A3F7B-7BD5-4FA2-954B-D13D5AF91C21}"
EndProject
Project("{9A19103F-16F7-4668-BE54-9A1E7A4F7556}") = "BlogAuthApi", "BlogAuthApi\BlogAuthApi.csproj", "{57A4EF7C-C750-4718-A338-E12A35FD3EE5}"
EndProject
Project("{FAE04EC0-301F-11D3-BF4B-00C04F79EFBC}") = "Core.Auth", "Core.Auth\Core.Auth.csproj", "{EB1008D9-9248-4571-9E76-7A5D27A4C5D4}"
EndProject
Global
	GlobalSection(SolutionConfigurationPlatforms) = preSolution
		Debug|Any CPU = Debug|Any CPU
		Release|Any CPU = Release|Any CPU
	EndGlobalSection
	GlobalSection(ProjectConfigurationPlatforms) = postSolution
		{0A1CD53C-9333-4EEA-8EB1-5F2B21F72154}.Debug|Any CPU.ActiveCfg = Debug|Any CPU
		{0A1CD53C-9333-4EEA-8EB1-5F2B21F72154}.Debug|Any CPU.Build.0 = Debug|Any CPU
		{0A1CD53C-9333-4EEA-8EB1-5F2B21F72154}.Release|Any CPU.ActiveCfg = Release|Any CPU
		{0A1CD53C-9333-4EEA-8EB1-5F2B21F72154}.Release|Any CPU.Build.0 = Release|Any CPU
		{09B7236B-188C-4ED2-AC84-AFBE5645AA58}.Debug|Any CPU.ActiveCfg = Debug|Any CPU
		{09B7236B-188C-4ED2-AC84-AFBE5645AA58}.Debug|Any CPU.Build.0 = Debug|Any CPU
		{09B7236B-188C-4ED2-AC84-AFBE5645AA58}.Release|Any CPU.ActiveCfg = Release|Any CPU
		{09B7236B-188C-4ED2-AC84-AFBE5645AA58}.Release|Any CPU.Build.0 = Release|Any CPU
		{9D3442E0-7699-40D2-96B5-661F490CA76B}.Debug|Any CPU.ActiveCfg = Debug|Any CPU
		{9D3442E0-7699-40D2-96B5-661F490CA76B}.Debug|Any CPU.Build.0 = Debug|Any CPU
		{9D3442E0-7699-40D2-96B5-661F490CA76B}.Release|Any CPU.ActiveCfg = Release|Any CPU
		{9D3442E0-7699-40D2-96B5-661F490CA76B}.Release|Any CPU.Build.0 = Release|Any CPU
		{6F9A8B9D-968D-4EB9-A755-2876E2855157}.Debug|Any CPU.ActiveCfg = Debug|Any CPU
		{6F9A8B9D-968D-4EB9-A755-2876E2855157}.Debug|Any CPU.Build.0 = Debug|Any CPU
		{6F9A8B9D-968D-4EB9-A755-2876E2855157}.Release|Any CPU.ActiveCfg = Release|Any CPU
		{6F9A8B9D-968D-4EB9-A755-2876E2855157}.Release|Any CPU.Build.0 = Release|Any CPU
		{7D94A819-82E3-45C1-B708-5994F1BFAE42}.Debug|Any CPU.ActiveCfg = Debug|Any CPU
		{7D94A819-82E3-45C1-B708-5994F1BFAE42}.Debug|Any CPU.Build.0 = Debug|Any CPU
		{7D94A819-82E3-45C1-B708-5994F1BFAE42}.Release|Any CPU.ActiveCfg = Release|Any CPU
		{7D94A819-82E3-45C1-B708-5994F1BFAE42}.Release|Any CPU.Build.0 = Release|Any CPU
		{6B149677-DD3F-4F98-9D57-C5F35BC182E6}.Debug|Any CPU.ActiveCfg = Debug|Any CPU
		{6B149677-DD3F-4F98-9D57-C5F35BC182E6}.Debug|Any CPU.Build.0 = Debug|Any CPU
		{6B149677-DD3F-4F98-9D57-C5F35BC182E6}.Release|Any CPU.ActiveCfg = Release|Any CPU
		{6B149677-DD3F-4F98-9D57-C5F35BC182E6}.Release|Any CPU.Build.0 = Release|Any CPU
		{737A6E67-A958-4A7F-B06A-13CC689A37E3}.Debug|Any CPU.ActiveCfg = Debug|Any CPU
		{737A6E67-A958-4A7F-B06A-13CC689A37E3}.Debug|Any CPU.Build.0 = Debug|Any CPU
		{737A6E67-A958-4A7F-B06A-13CC689A37E3}.Release|Any CPU.ActiveCfg = Release|Any CPU
		{737A6E67-A958-4A7F-B06A-13CC689A37E3}.Release|Any CPU.Build.0 = Release|Any CPU
		{66D7D400-A40B-4A13-A2C6-5B448B0837DB}.Debug|Any CPU.ActiveCfg = Debug|Any CPU
		{66D7D400-A40B-4A13-A2C6-5B448B0837DB}.Debug|Any CPU.Build.0 = Debug|Any CPU
		{66D7D400-A40B-4A13-A2C6-5B448B0837DB}.Release|Any CPU.ActiveCfg = Release|Any CPU
		{66D7D400-A40B-4A13-A2C6-5B448B0837DB}.Release|Any CPU.Build.0 = Release|Any CPU
		{1C2DA14F-EEE5-4ED5-ACA0-0E33EAE117D3}.Debug|Any CPU.ActiveCfg = Debug|Any CPU
		{1C2DA14F-EEE5-4ED5-ACA0-0E33EAE117D3}.Debug|Any CPU.Build.0 = Debug|Any CPU
		{1C2DA14F-EEE5-4ED5-ACA0-0E33EAE117D3}.Release|Any CPU.ActiveCfg = Release|Any CPU
		{1C2DA14F-EEE5-4ED5-ACA0-0E33EAE117D3}.Release|Any CPU.Build.0 = Release|Any CPU
		{FD10A196-5515-46CB-821E-70D4AB7C8A97}.Debug|Any CPU.ActiveCfg = Debug|Any CPU
		{FD10A196-5515-46CB-821E-70D4AB7C8A97}.Debug|Any CPU.Build.0 = Debug|Any CPU
		{FD10A196-5515-46CB-821E-70D4AB7C8A97}.Release|Any CPU.ActiveCfg = Release|Any CPU
		{FD10A196-5515-46CB-821E-70D4AB7C8A97}.Release|Any CPU.Build.0 = Release|Any CPU
		{E599CD18-351F-46B3-A54B-9EDB62AF4EB1}.Debug|Any CPU.ActiveCfg = Debug|Any CPU
		{E599CD18-351F-46B3-A54B-9EDB62AF4EB1}.Debug|Any CPU.Build.0 = Debug|Any CPU
		{E599CD18-351F-46B3-A54B-9EDB62AF4EB1}.Release|Any CPU.ActiveCfg = Release|Any CPU
		{E599CD18-351F-46B3-A54B-9EDB62AF4EB1}.Release|Any CPU.Build.0 = Release|Any CPU
		{EA5F3596-A2AB-4839-9C4F-24EE7D082887}.Debug|Any CPU.ActiveCfg = Debug|Any CPU
		{EA5F3596-A2AB-4839-9C4F-24EE7D082887}.Debug|Any CPU.Build.0 = Debug|Any CPU
		{EA5F3596-A2AB-4839-9C4F-24EE7D082887}.Release|Any CPU.ActiveCfg = Release|Any CPU
		{EA5F3596-A2AB-4839-9C4F-24EE7D082887}.Release|Any CPU.Build.0 = Release|Any CPU
		{419A4A53-2FF8-486A-86B2-1433A15DDB73}.Debug|Any CPU.ActiveCfg = Debug|Any CPU
		{419A4A53-2FF8-486A-86B2-1433A15DDB73}.Debug|Any CPU.Build.0 = Debug|Any CPU
		{419A4A53-2FF8-486A-86B2-1433A15DDB73}.Release|Any CPU.ActiveCfg = Release|Any CPU
		{419A4A53-2FF8-486A-86B2-1433A15DDB73}.Release|Any CPU.Build.0 = Release|Any CPU
		{4EF7878A-E21E-491C-8FEE-27685B9F287D}.Debug|Any CPU.ActiveCfg = Debug|Any CPU
		{4EF7878A-E21E-491C-8FEE-27685B9F287D}.Debug|Any CPU.Build.0 = Debug|Any CPU
		{4EF7878A-E21E-491C-8FEE-27685B9F287D}.Release|Any CPU.ActiveCfg = Release|Any CPU
		{4EF7878A-E21E-491C-8FEE-27685B9F287D}.Release|Any CPU.Build.0 = Release|Any CPU
		{8D39BF32-D9DD-4981-B71F-90941AB020A1}.Debug|Any CPU.ActiveCfg = Debug|Any CPU
		{8D39BF32-D9DD-4981-B71F-90941AB020A1}.Debug|Any CPU.Build.0 = Debug|Any CPU
		{8D39BF32-D9DD-4981-B71F-90941AB020A1}.Release|Any CPU.ActiveCfg = Release|Any CPU
		{8D39BF32-D9DD-4981-B71F-90941AB020A1}.Release|Any CPU.Build.0 = Release|Any CPU
		{57A4EF7C-C750-4718-A338-E12A35FD3EE5}.Debug|Any CPU.ActiveCfg = Debug|Any CPU
		{57A4EF7C-C750-4718-A338-E12A35FD3EE5}.Debug|Any CPU.Build.0 = Debug|Any CPU
		{57A4EF7C-C750-4718-A338-E12A35FD3EE5}.Release|Any CPU.ActiveCfg = Release|Any CPU
		{57A4EF7C-C750-4718-A338-E12A35FD3EE5}.Release|Any CPU.Build.0 = Release|Any CPU
		{EB1008D9-9248-4571-9E76-7A5D27A4C5D4}.Debug|Any CPU.ActiveCfg = Debug|Any CPU
		{EB1008D9-9248-4571-9E76-7A5D27A4C5D4}.Debug|Any CPU.Build.0 = Debug|Any CPU
		{EB1008D9-9248-4571-9E76-7A5D27A4C5D4}.Release|Any CPU.ActiveCfg = Release|Any CPU
		{EB1008D9-9248-4571-9E76-7A5D27A4C5D4}.Release|Any CPU.Build.0 = Release|Any CPU
	EndGlobalSection
	GlobalSection(SolutionProperties) = preSolution
		HideSolutionNode = FALSE
	EndGlobalSection
	GlobalSection(NestedProjects) = preSolution
		{0A1CD53C-9333-4EEA-8EB1-5F2B21F72154} = {0B1981C7-E602-44EC-9CA8-87ABFF4E9F76}
		{09B7236B-188C-4ED2-AC84-AFBE5645AA58} = {0B1981C7-E602-44EC-9CA8-87ABFF4E9F76}
		{9D3442E0-7699-40D2-96B5-661F490CA76B} = {0B1981C7-E602-44EC-9CA8-87ABFF4E9F76}
		{6F9A8B9D-968D-4EB9-A755-2876E2855157} = {0B1981C7-E602-44EC-9CA8-87ABFF4E9F76}
		{7D94A819-82E3-45C1-B708-5994F1BFAE42} = {24E02D76-4FA8-406D-90DA-5E1A213C5A87}
		{6B149677-DD3F-4F98-9D57-C5F35BC182E6} = {0E83F7F6-9E87-423E-83D2-1AF23213F346}
		{737A6E67-A958-4A7F-B06A-13CC689A37E3} = {DE97D12A-CB09-40F4-9FE2-9E19FB5A4E66}
		{66D7D400-A40B-4A13-A2C6-5B448B0837DB} = {0B1981C7-E602-44EC-9CA8-87ABFF4E9F76}
		{1C2DA14F-EEE5-4ED5-ACA0-0E33EAE117D3} = {24E02D76-4FA8-406D-90DA-5E1A213C5A87}
		{FD10A196-5515-46CB-821E-70D4AB7C8A97} = {24E02D76-4FA8-406D-90DA-5E1A213C5A87}
		{E599CD18-351F-46B3-A54B-9EDB62AF4EB1} = {0B1981C7-E602-44EC-9CA8-87ABFF4E9F76}
		{EA5F3596-A2AB-4839-9C4F-24EE7D082887} = {A4D89289-F3D6-4A14-8804-856FFA9C84F2}
		{419A4A53-2FF8-486A-86B2-1433A15DDB73} = {24E02D76-4FA8-406D-90DA-5E1A213C5A87}
		{4EF7878A-E21E-491C-8FEE-27685B9F287D} = {24E02D76-4FA8-406D-90DA-5E1A213C5A87}
		{8D39BF32-D9DD-4981-B71F-90941AB020A1} = {24E02D76-4FA8-406D-90DA-5E1A213C5A87}
		{57A4EF7C-C750-4718-A338-E12A35FD3EE5} = {270A3F7B-7BD5-4FA2-954B-D13D5AF91C21}
		{EB1008D9-9248-4571-9E76-7A5D27A4C5D4} = {24E02D76-4FA8-406D-90DA-5E1A213C5A87}
	EndGlobalSection
	GlobalSection(ExtensibilityGlobals) = postSolution
		SolutionGuid = {A42782B4-3C3B-4080-B906-1EBC873EF517}
	EndGlobalSection
EndGlobal
